
Microsoft Visual Studio Solution File, Format Version 11.00
# Visual Studio 2010
Project("{FAE04EC0-301F-11D3-BF4B-00C04F79EFBC}") = "DoubleD", "DoubleD\DoubleD.csproj", "{B5323E8C-BABE-47E8-99A7-FDD1867BFE6B}"
EndProject
Project("{FAE04EC0-301F-11D3-BF4B-00C04F79EFBC}") = "DepDot", "DepDot\DepDot.csproj", "{6A441C8B-E269-4E43-B588-DCC1A333C4D2}"
EndProject
Global
	GlobalSection(SolutionConfigurationPlatforms) = preSolution
		Debug|Any CPU = Debug|Any CPU
		Debug|Mixed Platforms = Debug|Mixed Platforms
		Debug|x86 = Debug|x86
		Release|Any CPU = Release|Any CPU
		Release|Mixed Platforms = Release|Mixed Platforms
		Release|x86 = Release|x86
	EndGlobalSection
	GlobalSection(ProjectConfigurationPlatforms) = postSolution
		{B5323E8C-BABE-47E8-99A7-FDD1867BFE6B}.Debug|Any CPU.ActiveCfg = Debug|x86
		{B5323E8C-BABE-47E8-99A7-FDD1867BFE6B}.Debug|Mixed Platforms.ActiveCfg = Debug|x86
		{B5323E8C-BABE-47E8-99A7-FDD1867BFE6B}.Debug|Mixed Platforms.Build.0 = Debug|x86
		{B5323E8C-BABE-47E8-99A7-FDD1867BFE6B}.Debug|x86.ActiveCfg = Debug|x86
		{B5323E8C-BABE-47E8-99A7-FDD1867BFE6B}.Debug|x86.Build.0 = Debug|x86
		{B5323E8C-BABE-47E8-99A7-FDD1867BFE6B}.Release|Any CPU.ActiveCfg = Release|x86
		{B5323E8C-BABE-47E8-99A7-FDD1867BFE6B}.Release|Mixed Platforms.ActiveCfg = Release|x86
		{B5323E8C-BABE-47E8-99A7-FDD1867BFE6B}.Release|Mixed Platforms.Build.0 = Release|x86
		{B5323E8C-BABE-47E8-99A7-FDD1867BFE6B}.Release|x86.ActiveCfg = Release|x86
		{B5323E8C-BABE-47E8-99A7-FDD1867BFE6B}.Release|x86.Build.0 = Release|x86
		{6A441C8B-E269-4E43-B588-DCC1A333C4D2}.Debug|Any CPU.ActiveCfg = Debug|Any CPU
		{6A441C8B-E269-4E43-B588-DCC1A333C4D2}.Debug|Any CPU.Build.0 = Debug|Any CPU
		{6A441C8B-E269-4E43-B588-DCC1A333C4D2}.Debug|Mixed Platforms.ActiveCfg = Debug|Any CPU
		{6A441C8B-E269-4E43-B588-DCC1A333C4D2}.Debug|Mixed Platforms.Build.0 = Debug|Any CPU
		{6A441C8B-E269-4E43-B588-DCC1A333C4D2}.Debug|x86.ActiveCfg = Debug|Any CPU
		{6A441C8B-E269-4E43-B588-DCC1A333C4D2}.Release|Any CPU.ActiveCfg = Release|Any CPU
		{6A441C8B-E269-4E43-B588-DCC1A333C4D2}.Release|Any CPU.Build.0 = Release|Any CPU
		{6A441C8B-E269-4E43-B588-DCC1A333C4D2}.Release|Mixed Platforms.ActiveCfg = Release|Any CPU
		{6A441C8B-E269-4E43-B588-DCC1A333C4D2}.Release|Mixed Platforms.Build.0 = Release|Any CPU
		{6A441C8B-E269-4E43-B588-DCC1A333C4D2}.Release|x86.ActiveCfg = Release|Any CPU
	EndGlobalSection
	GlobalSection(SolutionProperties) = preSolution
		HideSolutionNode = FALSE
	EndGlobalSection
EndGlobal
